
Microsoft Visual Studio Solution File, Format Version 12.00
# Visual Studio 15
VisualStudioVersion = 15.0.28307.329
MinimumVisualStudioVersion = 10.0.40219.1
Project("{FAE04EC0-301F-11D3-BF4B-00C04F79EFBC}") = "Activty4_1_Urquico", "Activty4_1_Urquico\Activty4_1_Urquico.csproj", "{C2E5C5B8-5745-40F1-865D-7EE1FE8EFEA5}"
EndProject
Global
	GlobalSection(SolutionConfigurationPlatforms) = preSolution
		Debug|Any CPU = Debug|Any CPU
		Release|Any CPU = Release|Any CPU
	EndGlobalSection
	GlobalSection(ProjectConfigurationPlatforms) = postSolution
		{C2E5C5B8-5745-40F1-865D-7EE1FE8EFEA5}.Debug|Any CPU.ActiveCfg = Debug|Any CPU
		{C2E5C5B8-5745-40F1-865D-7EE1FE8EFEA5}.Debug|Any CPU.Build.0 = Debug|Any CPU
		{C2E5C5B8-5745-40F1-865D-7EE1FE8EFEA5}.Release|Any CPU.ActiveCfg = Release|Any CPU
		{C2E5C5B8-5745-40F1-865D-7EE1FE8EFEA5}.Release|Any CPU.Build.0 = Release|Any CPU
	EndGlobalSection
	GlobalSection(SolutionProperties) = preSolution
		HideSolutionNode = FALSE
	EndGlobalSection
	GlobalSection(ExtensibilityGlobals) = postSolution
		SolutionGuid = {9B39E6D1-DA00-463F-A73F-43EDD423FAEA}
	EndGlobalSection
EndGlobal
